
Microsoft Visual Studio Solution File, Format Version 12.00
# Visual Studio Version 17
VisualStudioVersion = 17.14.36811.4 d17.14
MinimumVisualStudioVersion = 10.0.40219.1
Project("{FAE04EC0-301F-11D3-BF4B-00C04F79EFBC}") = "Test_2D_RPG", "Test_2D_RPG\Test_2D_RPG.csproj", "{BF259983-12F2-46F6-9DC7-71A28F725D32}"
EndProject
Global
	GlobalSection(SolutionConfigurationPlatforms) = preSolution
		Debug|Any CPU = Debug|Any CPU
		Release|Any CPU = Release|Any CPU
	EndGlobalSection
	GlobalSection(ProjectConfigurationPlatforms) = postSolution
		{BF259983-12F2-46F6-9DC7-71A28F725D32}.Debug|Any CPU.ActiveCfg = Debug|Any CPU
		{BF259983-12F2-46F6-9DC7-71A28F725D32}.Debug|Any CPU.Build.0 = Debug|Any CPU
		{BF259983-12F2-46F6-9DC7-71A28F725D32}.Release|Any CPU.ActiveCfg = Release|Any CPU
		{BF259983-12F2-46F6-9DC7-71A28F725D32}.Release|Any CPU.Build.0 = Release|Any CPU
	EndGlobalSection
	GlobalSection(SolutionProperties) = preSolution
		HideSolutionNode = FALSE
	EndGlobalSection
	GlobalSection(ExtensibilityGlobals) = postSolution
		SolutionGuid = {AF56C688-E427-4AE2-8BE8-BF60EAC12086}
	EndGlobalSection
EndGlobal
